
Microsoft Visual Studio Solution File, Format Version 12.00
Project("{FAE04EC0-301F-11D3-BF4B-00C04F79EFBC}") = "HelloWorld", "HelloWorld\HelloWorld.csproj", "{4C157907-8840-455D-94F9-67CE125BD01A}"
EndProject
Project("{FAE04EC0-301F-11D3-BF4B-00C04F79EFBC}") = "Lab1_01", "Lab1_01\Lab1_01.csproj", "{9C89EECC-35BA-4BA1-938C-5AE44DF67718}"
EndProject
Project("{FAE04EC0-301F-11D3-BF4B-00C04F79EFBC}") = "Lab1_03", "Lab1_03\Lab1_03.csproj", "{A042D4F9-52B4-413E-8904-AF888870B30F}"
EndProject
Project("{FAE04EC0-301F-11D3-BF4B-00C04F79EFBC}") = "Lab1_02", "Lab1_02\Lab1_02.csproj", "{100BA01D-A27C-4BAA-9948-85CEB6B5F195}"
EndProject
Project("{FAE04EC0-301F-11D3-BF4B-00C04F79EFBC}") = "Lab1_03.2", "Lab1_03.2\Lab1_03.2.csproj", "{36D3E292-CA6A-40C0-9E69-F27EBD947E40}"
EndProject
Project("{FAE04EC0-301F-11D3-BF4B-00C04F79EFBC}") = "Lab1_04", "Lab1_04\Lab1_04.csproj", "{09CAD9B6-6B56-4A7D-8D77-B9F2C272E6B7}"
EndProject
Project("{FAE04EC0-301F-11D3-BF4B-00C04F79EFBC}") = "Lab1_05", "Lab1_05\Lab1_05.csproj", "{718DA210-F5CA-4465-8FE1-7174D18DDCD9}"
EndProject
Project("{FAE04EC0-301F-11D3-BF4B-00C04F79EFBC}") = "Lab1_06", "Lab1_06\Lab1_06.csproj", "{7F60DA58-A5C1-4DA4-9B51-5D95CA16BEB2}"
EndProject
Project("{FAE04EC0-301F-11D3-BF4B-00C04F79EFBC}") = "Lab01_7", "Lab01_7\Lab01_7.csproj", "{429479A9-CF71-4AD4-AF69-1FAD7588A3C3}"
EndProject
Project("{FAE04EC0-301F-11D3-BF4B-00C04F79EFBC}") = "Exercise _1", "Exercise _1\Exercise _1.csproj", "{E812C7D1-3BB0-491D-A9D8-CABBC5891F64}"
EndProject
Project("{FAE04EC0-301F-11D3-BF4B-00C04F79EFBC}") = "Exercise _2", "Exercise _2\Exercise _2.csproj", "{A857BEDF-D08B-402A-9018-B68C98260FA1}"
EndProject
Project("{FAE04EC0-301F-11D3-BF4B-00C04F79EFBC}") = "Exercise_3", "Exercise_3\Exercise_3.csproj", "{F605E782-DBE4-4A7F-9CAF-98619C28A112}"
EndProject
Project("{FAE04EC0-301F-11D3-BF4B-00C04F79EFBC}") = "Exercise _4", "Exercise _4\Exercise _4.csproj", "{5EBDB3B6-A440-439C-9A46-100F51DF445A}"
EndProject
Project("{FAE04EC0-301F-11D3-BF4B-00C04F79EFBC}") = "Exercise _5", "Exercise _5\Exercise _5.csproj", "{8505D280-4E5C-4175-970E-5761399371BD}"
EndProject
Project("{FAE04EC0-301F-11D3-BF4B-00C04F79EFBC}") = "MySqlHandle", "MySqlHandle\MySqlHandle.csproj", "{627BDAF4-B7AD-431C-BC51-9445CE812D4E}"
EndProject
Project("{FAE04EC0-301F-11D3-BF4B-00C04F79EFBC}") = "Exercise_2.1", "Exercise_2.1\Exercise_2.1.csproj", "{38263537-DDB5-4E72-881F-B244D17E959B}"
EndProject
Project("{FAE04EC0-301F-11D3-BF4B-00C04F79EFBC}") = "Exercise_2.2", "Exercise_2.2\Exercise_2.2.csproj", "{2CCA6FBC-D0FB-4B49-A092-B59D19AFF6D7}"
EndProject
Project("{FAE04EC0-301F-11D3-BF4B-00C04F79EFBC}") = "Exercise_2.3", "Exercise_2.3\Exercise_2.3.csproj", "{F6411A44-0697-4778-BA43-7608536529A8}"
EndProject
Project("{FAE04EC0-301F-11D3-BF4B-00C04F79EFBC}") = "Lab2_01", "Lab2_01\Lab2_01.csproj", "{4063E6FD-A970-4F74-844A-E05A9B49A6BC}"
EndProject
Project("{FAE04EC0-301F-11D3-BF4B-00C04F79EFBC}") = "Exercies_3.1", "Exercies_3.1\Exercies_3.1.csproj", "{619F658C-6620-401B-942A-5AF6377F2E77}"
EndProject
Project("{FAE04EC0-301F-11D3-BF4B-00C04F79EFBC}") = "Exercies_3.2", "Exercies_3.2\Exercies_3.2.csproj", "{FD584FA1-3B3D-4A90-BDFA-1DC907F6A536}"
EndProject
Project("{FAE04EC0-301F-11D3-BF4B-00C04F79EFBC}") = "Lab3_01", "Lab3_01\Lab3_01.csproj", "{1A5FD68B-ABEC-4F4F-B0CE-C4945995AF58}"
EndProject
Project("{FAE04EC0-301F-11D3-BF4B-00C04F79EFBC}") = "Lab3_02", "Lab3_02\Lab3_02.csproj", "{FD2DB359-D68C-4804-BA76-86BAF225739D}"
EndProject
Project("{FAE04EC0-301F-11D3-BF4B-00C04F79EFBC}") = "Lab4_01", "Lab4_01\Lab4_01.csproj", "{389E236A-CFB2-41CF-964E-B29BD941CD4D}"
EndProject
Project("{FAE04EC0-301F-11D3-BF4B-00C04F79EFBC}") = "Lab4_02", "Lab4_02\Lab4_02.csproj", "{B6E16594-1C12-491A-A46B-4CEB25040119}"
EndProject
Project("{FAE04EC0-301F-11D3-BF4B-00C04F79EFBC}") = "Exercies_4.01", "Exercies_4.01\Exercies_4.01.csproj", "{0F62A130-DE29-4311-80B9-15CE7D7AA26E}"
EndProject
Project("{FAE04EC0-301F-11D3-BF4B-00C04F79EFBC}") = "Lab5_01", "Lab5_01\Lab5_01.csproj", "{6294DD0F-D94A-4D39-9157-58BDBC3DA531}"
EndProject
Project("{FAE04EC0-301F-11D3-BF4B-00C04F79EFBC}") = "Lab5_02", "Lab5_02\Lab5_02.csproj", "{C7CA1EE3-77E9-466F-85A4-BDF2B5A4E745}"
EndProject
Project("{FAE04EC0-301F-11D3-BF4B-00C04F79EFBC}") = "Lab5_03", "Lab5_03\Lab5_03.csproj", "{BD00F25E-C9FA-4823-AE6B-577BD27778CD}"
EndProject
Project("{FAE04EC0-301F-11D3-BF4B-00C04F79EFBC}") = "Lab5_04", "Lab5_04\Lab5_04.csproj", "{DF0BF1E9-BEBB-4E21-87D3-E3DF19165CD2}"
EndProject
Project("{FAE04EC0-301F-11D3-BF4B-00C04F79EFBC}") = "Lab5_05", "Lab5_05\Lab5_05.csproj", "{AE819AF7-885F-45F7-99A8-47DD34216ACC}"
EndProject
Project("{FAE04EC0-301F-11D3-BF4B-00C04F79EFBC}") = "Exercies_5.1", "Exercies_5.1\Exercies_5.1.csproj", "{8C3DBEF8-8073-4514-8CC8-36480165C16F}"
EndProject
Project("{FAE04EC0-301F-11D3-BF4B-00C04F79EFBC}") = "Exercies_5.2", "Exercies_5.2\Exercies_5.2.csproj", "{22346AA1-8FD0-44D1-BC17-8F11DA46A6A4}"
EndProject
Global
	GlobalSection(SolutionConfigurationPlatforms) = preSolution
		Debug|Any CPU = Debug|Any CPU
		Release|Any CPU = Release|Any CPU
	EndGlobalSection
	GlobalSection(ProjectConfigurationPlatforms) = postSolution
		{4C157907-8840-455D-94F9-67CE125BD01A}.Debug|Any CPU.ActiveCfg = Debug|Any CPU
		{4C157907-8840-455D-94F9-67CE125BD01A}.Debug|Any CPU.Build.0 = Debug|Any CPU
		{4C157907-8840-455D-94F9-67CE125BD01A}.Release|Any CPU.ActiveCfg = Release|Any CPU
		{4C157907-8840-455D-94F9-67CE125BD01A}.Release|Any CPU.Build.0 = Release|Any CPU
		{9C89EECC-35BA-4BA1-938C-5AE44DF67718}.Debug|Any CPU.ActiveCfg = Debug|Any CPU
		{9C89EECC-35BA-4BA1-938C-5AE44DF67718}.Debug|Any CPU.Build.0 = Debug|Any CPU
		{9C89EECC-35BA-4BA1-938C-5AE44DF67718}.Release|Any CPU.ActiveCfg = Release|Any CPU
		{9C89EECC-35BA-4BA1-938C-5AE44DF67718}.Release|Any CPU.Build.0 = Release|Any CPU
		{A042D4F9-52B4-413E-8904-AF888870B30F}.Debug|Any CPU.ActiveCfg = Debug|Any CPU
		{A042D4F9-52B4-413E-8904-AF888870B30F}.Debug|Any CPU.Build.0 = Debug|Any CPU
		{A042D4F9-52B4-413E-8904-AF888870B30F}.Release|Any CPU.ActiveCfg = Release|Any CPU
		{A042D4F9-52B4-413E-8904-AF888870B30F}.Release|Any CPU.Build.0 = Release|Any CPU
		{100BA01D-A27C-4BAA-9948-85CEB6B5F195}.Debug|Any CPU.ActiveCfg = Debug|Any CPU
		{100BA01D-A27C-4BAA-9948-85CEB6B5F195}.Debug|Any CPU.Build.0 = Debug|Any CPU
		{100BA01D-A27C-4BAA-9948-85CEB6B5F195}.Release|Any CPU.ActiveCfg = Release|Any CPU
		{100BA01D-A27C-4BAA-9948-85CEB6B5F195}.Release|Any CPU.Build.0 = Release|Any CPU
		{36D3E292-CA6A-40C0-9E69-F27EBD947E40}.Debug|Any CPU.ActiveCfg = Debug|Any CPU
		{36D3E292-CA6A-40C0-9E69-F27EBD947E40}.Debug|Any CPU.Build.0 = Debug|Any CPU
		{36D3E292-CA6A-40C0-9E69-F27EBD947E40}.Release|Any CPU.ActiveCfg = Release|Any CPU
		{36D3E292-CA6A-40C0-9E69-F27EBD947E40}.Release|Any CPU.Build.0 = Release|Any CPU
		{09CAD9B6-6B56-4A7D-8D77-B9F2C272E6B7}.Debug|Any CPU.ActiveCfg = Debug|Any CPU
		{09CAD9B6-6B56-4A7D-8D77-B9F2C272E6B7}.Debug|Any CPU.Build.0 = Debug|Any CPU
		{09CAD9B6-6B56-4A7D-8D77-B9F2C272E6B7}.Release|Any CPU.ActiveCfg = Release|Any CPU
		{09CAD9B6-6B56-4A7D-8D77-B9F2C272E6B7}.Release|Any CPU.Build.0 = Release|Any CPU
		{718DA210-F5CA-4465-8FE1-7174D18DDCD9}.Debug|Any CPU.ActiveCfg = Debug|Any CPU
		{718DA210-F5CA-4465-8FE1-7174D18DDCD9}.Debug|Any CPU.Build.0 = Debug|Any CPU
		{718DA210-F5CA-4465-8FE1-7174D18DDCD9}.Release|Any CPU.ActiveCfg = Release|Any CPU
		{718DA210-F5CA-4465-8FE1-7174D18DDCD9}.Release|Any CPU.Build.0 = Release|Any CPU
		{7F60DA58-A5C1-4DA4-9B51-5D95CA16BEB2}.Debug|Any CPU.ActiveCfg = Debug|Any CPU
		{7F60DA58-A5C1-4DA4-9B51-5D95CA16BEB2}.Debug|Any CPU.Build.0 = Debug|Any CPU
		{7F60DA58-A5C1-4DA4-9B51-5D95CA16BEB2}.Release|Any CPU.ActiveCfg = Release|Any CPU
		{7F60DA58-A5C1-4DA4-9B51-5D95CA16BEB2}.Release|Any CPU.Build.0 = Release|Any CPU
		{429479A9-CF71-4AD4-AF69-1FAD7588A3C3}.Debug|Any CPU.ActiveCfg = Debug|Any CPU
		{429479A9-CF71-4AD4-AF69-1FAD7588A3C3}.Debug|Any CPU.Build.0 = Debug|Any CPU
		{429479A9-CF71-4AD4-AF69-1FAD7588A3C3}.Release|Any CPU.ActiveCfg = Release|Any CPU
		{429479A9-CF71-4AD4-AF69-1FAD7588A3C3}.Release|Any CPU.Build.0 = Release|Any CPU
		{E812C7D1-3BB0-491D-A9D8-CABBC5891F64}.Debug|Any CPU.ActiveCfg = Debug|Any CPU
		{E812C7D1-3BB0-491D-A9D8-CABBC5891F64}.Debug|Any CPU.Build.0 = Debug|Any CPU
		{E812C7D1-3BB0-491D-A9D8-CABBC5891F64}.Release|Any CPU.ActiveCfg = Release|Any CPU
		{E812C7D1-3BB0-491D-A9D8-CABBC5891F64}.Release|Any CPU.Build.0 = Release|Any CPU
		{A857BEDF-D08B-402A-9018-B68C98260FA1}.Debug|Any CPU.ActiveCfg = Debug|Any CPU
		{A857BEDF-D08B-402A-9018-B68C98260FA1}.Debug|Any CPU.Build.0 = Debug|Any CPU
		{A857BEDF-D08B-402A-9018-B68C98260FA1}.Release|Any CPU.ActiveCfg = Release|Any CPU
		{A857BEDF-D08B-402A-9018-B68C98260FA1}.Release|Any CPU.Build.0 = Release|Any CPU
		{F605E782-DBE4-4A7F-9CAF-98619C28A112}.Debug|Any CPU.ActiveCfg = Debug|Any CPU
		{F605E782-DBE4-4A7F-9CAF-98619C28A112}.Debug|Any CPU.Build.0 = Debug|Any CPU
		{F605E782-DBE4-4A7F-9CAF-98619C28A112}.Release|Any CPU.ActiveCfg = Release|Any CPU
		{F605E782-DBE4-4A7F-9CAF-98619C28A112}.Release|Any CPU.Build.0 = Release|Any CPU
		{5EBDB3B6-A440-439C-9A46-100F51DF445A}.Debug|Any CPU.ActiveCfg = Debug|Any CPU
		{5EBDB3B6-A440-439C-9A46-100F51DF445A}.Debug|Any CPU.Build.0 = Debug|Any CPU
		{5EBDB3B6-A440-439C-9A46-100F51DF445A}.Release|Any CPU.ActiveCfg = Release|Any CPU
		{5EBDB3B6-A440-439C-9A46-100F51DF445A}.Release|Any CPU.Build.0 = Release|Any CPU
		{8505D280-4E5C-4175-970E-5761399371BD}.Debug|Any CPU.ActiveCfg = Debug|Any CPU
		{8505D280-4E5C-4175-970E-5761399371BD}.Debug|Any CPU.Build.0 = Debug|Any CPU
		{8505D280-4E5C-4175-970E-5761399371BD}.Release|Any CPU.ActiveCfg = Release|Any CPU
		{8505D280-4E5C-4175-970E-5761399371BD}.Release|Any CPU.Build.0 = Release|Any CPU
		{627BDAF4-B7AD-431C-BC51-9445CE812D4E}.Debug|Any CPU.ActiveCfg = Debug|Any CPU
		{627BDAF4-B7AD-431C-BC51-9445CE812D4E}.Debug|Any CPU.Build.0 = Debug|Any CPU
		{627BDAF4-B7AD-431C-BC51-9445CE812D4E}.Release|Any CPU.ActiveCfg = Release|Any CPU
		{627BDAF4-B7AD-431C-BC51-9445CE812D4E}.Release|Any CPU.Build.0 = Release|Any CPU
		{38263537-DDB5-4E72-881F-B244D17E959B}.Debug|Any CPU.ActiveCfg = Debug|Any CPU
		{38263537-DDB5-4E72-881F-B244D17E959B}.Debug|Any CPU.Build.0 = Debug|Any CPU
		{38263537-DDB5-4E72-881F-B244D17E959B}.Release|Any CPU.ActiveCfg = Release|Any CPU
		{38263537-DDB5-4E72-881F-B244D17E959B}.Release|Any CPU.Build.0 = Release|Any CPU
		{2CCA6FBC-D0FB-4B49-A092-B59D19AFF6D7}.Debug|Any CPU.ActiveCfg = Debug|Any CPU
		{2CCA6FBC-D0FB-4B49-A092-B59D19AFF6D7}.Debug|Any CPU.Build.0 = Debug|Any CPU
		{2CCA6FBC-D0FB-4B49-A092-B59D19AFF6D7}.Release|Any CPU.ActiveCfg = Release|Any CPU
		{2CCA6FBC-D0FB-4B49-A092-B59D19AFF6D7}.Release|Any CPU.Build.0 = Release|Any CPU
		{F6411A44-0697-4778-BA43-7608536529A8}.Debug|Any CPU.ActiveCfg = Debug|Any CPU
		{F6411A44-0697-4778-BA43-7608536529A8}.Debug|Any CPU.Build.0 = Debug|Any CPU
		{F6411A44-0697-4778-BA43-7608536529A8}.Release|Any CPU.ActiveCfg = Release|Any CPU
		{F6411A44-0697-4778-BA43-7608536529A8}.Release|Any CPU.Build.0 = Release|Any CPU
		{4063E6FD-A970-4F74-844A-E05A9B49A6BC}.Debug|Any CPU.ActiveCfg = Debug|Any CPU
		{4063E6FD-A970-4F74-844A-E05A9B49A6BC}.Debug|Any CPU.Build.0 = Debug|Any CPU
		{4063E6FD-A970-4F74-844A-E05A9B49A6BC}.Release|Any CPU.ActiveCfg = Release|Any CPU
		{4063E6FD-A970-4F74-844A-E05A9B49A6BC}.Release|Any CPU.Build.0 = Release|Any CPU
		{619F658C-6620-401B-942A-5AF6377F2E77}.Debug|Any CPU.ActiveCfg = Debug|Any CPU
		{619F658C-6620-401B-942A-5AF6377F2E77}.Debug|Any CPU.Build.0 = Debug|Any CPU
		{619F658C-6620-401B-942A-5AF6377F2E77}.Release|Any CPU.ActiveCfg = Release|Any CPU
		{619F658C-6620-401B-942A-5AF6377F2E77}.Release|Any CPU.Build.0 = Release|Any CPU
		{FD584FA1-3B3D-4A90-BDFA-1DC907F6A536}.Debug|Any CPU.ActiveCfg = Debug|Any CPU
		{FD584FA1-3B3D-4A90-BDFA-1DC907F6A536}.Debug|Any CPU.Build.0 = Debug|Any CPU
		{FD584FA1-3B3D-4A90-BDFA-1DC907F6A536}.Release|Any CPU.ActiveCfg = Release|Any CPU
		{FD584FA1-3B3D-4A90-BDFA-1DC907F6A536}.Release|Any CPU.Build.0 = Release|Any CPU
		{1A5FD68B-ABEC-4F4F-B0CE-C4945995AF58}.Debug|Any CPU.ActiveCfg = Debug|Any CPU
		{1A5FD68B-ABEC-4F4F-B0CE-C4945995AF58}.Debug|Any CPU.Build.0 = Debug|Any CPU
		{1A5FD68B-ABEC-4F4F-B0CE-C4945995AF58}.Release|Any CPU.ActiveCfg = Release|Any CPU
		{1A5FD68B-ABEC-4F4F-B0CE-C4945995AF58}.Release|Any CPU.Build.0 = Release|Any CPU
		{FD2DB359-D68C-4804-BA76-86BAF225739D}.Debug|Any CPU.ActiveCfg = Debug|Any CPU
		{FD2DB359-D68C-4804-BA76-86BAF225739D}.Debug|Any CPU.Build.0 = Debug|Any CPU
		{FD2DB359-D68C-4804-BA76-86BAF225739D}.Release|Any CPU.ActiveCfg = Release|Any CPU
		{FD2DB359-D68C-4804-BA76-86BAF225739D}.Release|Any CPU.Build.0 = Release|Any CPU
		{389E236A-CFB2-41CF-964E-B29BD941CD4D}.Debug|Any CPU.ActiveCfg = Debug|Any CPU
		{389E236A-CFB2-41CF-964E-B29BD941CD4D}.Debug|Any CPU.Build.0 = Debug|Any CPU
		{389E236A-CFB2-41CF-964E-B29BD941CD4D}.Release|Any CPU.ActiveCfg = Release|Any CPU
		{389E236A-CFB2-41CF-964E-B29BD941CD4D}.Release|Any CPU.Build.0 = Release|Any CPU
		{B6E16594-1C12-491A-A46B-4CEB25040119}.Debug|Any CPU.ActiveCfg = Debug|Any CPU
		{B6E16594-1C12-491A-A46B-4CEB25040119}.Debug|Any CPU.Build.0 = Debug|Any CPU
		{B6E16594-1C12-491A-A46B-4CEB25040119}.Release|Any CPU.ActiveCfg = Release|Any CPU
		{B6E16594-1C12-491A-A46B-4CEB25040119}.Release|Any CPU.Build.0 = Release|Any CPU
		{0F62A130-DE29-4311-80B9-15CE7D7AA26E}.Debug|Any CPU.ActiveCfg = Debug|Any CPU
		{0F62A130-DE29-4311-80B9-15CE7D7AA26E}.Debug|Any CPU.Build.0 = Debug|Any CPU
		{0F62A130-DE29-4311-80B9-15CE7D7AA26E}.Release|Any CPU.ActiveCfg = Release|Any CPU
		{0F62A130-DE29-4311-80B9-15CE7D7AA26E}.Release|Any CPU.Build.0 = Release|Any CPU
		{6294DD0F-D94A-4D39-9157-58BDBC3DA531}.Debug|Any CPU.ActiveCfg = Debug|Any CPU
		{6294DD0F-D94A-4D39-9157-58BDBC3DA531}.Debug|Any CPU.Build.0 = Debug|Any CPU
		{6294DD0F-D94A-4D39-9157-58BDBC3DA531}.Release|Any CPU.ActiveCfg = Release|Any CPU
		{6294DD0F-D94A-4D39-9157-58BDBC3DA531}.Release|Any CPU.Build.0 = Release|Any CPU
		{C7CA1EE3-77E9-466F-85A4-BDF2B5A4E745}.Debug|Any CPU.ActiveCfg = Debug|Any CPU
		{C7CA1EE3-77E9-466F-85A4-BDF2B5A4E745}.Debug|Any CPU.Build.0 = Debug|Any CPU
		{C7CA1EE3-77E9-466F-85A4-BDF2B5A4E745}.Release|Any CPU.ActiveCfg = Release|Any CPU
		{C7CA1EE3-77E9-466F-85A4-BDF2B5A4E745}.Release|Any CPU.Build.0 = Release|Any CPU
		{BD00F25E-C9FA-4823-AE6B-577BD27778CD}.Debug|Any CPU.ActiveCfg = Debug|Any CPU
		{BD00F25E-C9FA-4823-AE6B-577BD27778CD}.Debug|Any CPU.Build.0 = Debug|Any CPU
		{BD00F25E-C9FA-4823-AE6B-577BD27778CD}.Release|Any CPU.ActiveCfg = Release|Any CPU
		{BD00F25E-C9FA-4823-AE6B-577BD27778CD}.Release|Any CPU.Build.0 = Release|Any CPU
		{DF0BF1E9-BEBB-4E21-87D3-E3DF19165CD2}.Debug|Any CPU.ActiveCfg = Debug|Any CPU
		{DF0BF1E9-BEBB-4E21-87D3-E3DF19165CD2}.Debug|Any CPU.Build.0 = Debug|Any CPU
		{DF0BF1E9-BEBB-4E21-87D3-E3DF19165CD2}.Release|Any CPU.ActiveCfg = Release|Any CPU
		{DF0BF1E9-BEBB-4E21-87D3-E3DF19165CD2}.Release|Any CPU.Build.0 = Release|Any CPU
		{AE819AF7-885F-45F7-99A8-47DD34216ACC}.Debug|Any CPU.ActiveCfg = Debug|Any CPU
		{AE819AF7-885F-45F7-99A8-47DD34216ACC}.Debug|Any CPU.Build.0 = Debug|Any CPU
		{AE819AF7-885F-45F7-99A8-47DD34216ACC}.Release|Any CPU.ActiveCfg = Release|Any CPU
		{AE819AF7-885F-45F7-99A8-47DD34216ACC}.Release|Any CPU.Build.0 = Release|Any CPU
		{8C3DBEF8-8073-4514-8CC8-36480165C16F}.Debug|Any CPU.ActiveCfg = Debug|Any CPU
		{8C3DBEF8-8073-4514-8CC8-36480165C16F}.Debug|Any CPU.Build.0 = Debug|Any CPU
		{8C3DBEF8-8073-4514-8CC8-36480165C16F}.Release|Any CPU.ActiveCfg = Release|Any CPU
		{8C3DBEF8-8073-4514-8CC8-36480165C16F}.Release|Any CPU.Build.0 = Release|Any CPU
		{22346AA1-8FD0-44D1-BC17-8F11DA46A6A4}.Debug|Any CPU.ActiveCfg = Debug|Any CPU
		{22346AA1-8FD0-44D1-BC17-8F11DA46A6A4}.Debug|Any CPU.Build.0 = Debug|Any CPU
		{22346AA1-8FD0-44D1-BC17-8F11DA46A6A4}.Release|Any CPU.ActiveCfg = Release|Any CPU
		{22346AA1-8FD0-44D1-BC17-8F11DA46A6A4}.Release|Any CPU.Build.0 = Release|Any CPU
	EndGlobalSection
EndGlobal
