
Microsoft Visual Studio Solution File, Format Version 12.00
Project("{FAE04EC0-301F-11D3-BF4B-00C04F79EFBC}") = "HelloWorld", "HelloWorld\HelloWorld.csproj", "{4C157907-8840-455D-94F9-67CE125BD01A}"
EndProject
Project("{FAE04EC0-301F-11D3-BF4B-00C04F79EFBC}") = "Lab1_01", "Lab1_01\Lab1_01.csproj", "{9C89EECC-35BA-4BA1-938C-5AE44DF67718}"
EndProject
Project("{FAE04EC0-301F-11D3-BF4B-00C04F79EFBC}") = "Lab1_03", "Lab1_03\Lab1_03.csproj", "{A042D4F9-52B4-413E-8904-AF888870B30F}"
EndProject
Project("{FAE04EC0-301F-11D3-BF4B-00C04F79EFBC}") = "Lab1_02", "Lab1_02\Lab1_02.csproj", "{100BA01D-A27C-4BAA-9948-85CEB6B5F195}"
EndProject
Project("{FAE04EC0-301F-11D3-BF4B-00C04F79EFBC}") = "Lab1_03.2", "Lab1_03.2\Lab1_03.2.csproj", "{36D3E292-CA6A-40C0-9E69-F27EBD947E40}"
EndProject
Project("{FAE04EC0-301F-11D3-BF4B-00C04F79EFBC}") = "Lab1_04", "Lab1_04\Lab1_04.csproj", "{09CAD9B6-6B56-4A7D-8D77-B9F2C272E6B7}"
EndProject
Project("{FAE04EC0-301F-11D3-BF4B-00C04F79EFBC}") = "Lab1_05", "Lab1_05\Lab1_05.csproj", "{718DA210-F5CA-4465-8FE1-7174D18DDCD9}"
EndProject
Project("{FAE04EC0-301F-11D3-BF4B-00C04F79EFBC}") = "Lab1_06", "Lab1_06\Lab1_06.csproj", "{7F60DA58-A5C1-4DA4-9B51-5D95CA16BEB2}"
EndProject
Project("{FAE04EC0-301F-11D3-BF4B-00C04F79EFBC}") = "Lab01_7", "Lab01_7\Lab01_7.csproj", "{429479A9-CF71-4AD4-AF69-1FAD7588A3C3}"
EndProject
Project("{FAE04EC0-301F-11D3-BF4B-00C04F79EFBC}") = "Exercise _1", "Exercise _1\Exercise _1.csproj", "{E812C7D1-3BB0-491D-A9D8-CABBC5891F64}"
EndProject
Project("{FAE04EC0-301F-11D3-BF4B-00C04F79EFBC}") = "Exercise _2", "Exercise _2\Exercise _2.csproj", "{A857BEDF-D08B-402A-9018-B68C98260FA1}"
EndProject
Project("{FAE04EC0-301F-11D3-BF4B-00C04F79EFBC}") = "Exercise_3", "Exercise_3\Exercise_3.csproj", "{F605E782-DBE4-4A7F-9CAF-98619C28A112}"
EndProject
Project("{FAE04EC0-301F-11D3-BF4B-00C04F79EFBC}") = "Exercise _4", "Exercise _4\Exercise _4.csproj", "{5EBDB3B6-A440-439C-9A46-100F51DF445A}"
EndProject
Project("{FAE04EC0-301F-11D3-BF4B-00C04F79EFBC}") = "Exercise _5", "Exercise _5\Exercise _5.csproj", "{8505D280-4E5C-4175-970E-5761399371BD}"
EndProject
Global
	GlobalSection(SolutionConfigurationPlatforms) = preSolution
		Debug|Any CPU = Debug|Any CPU
		Release|Any CPU = Release|Any CPU
	EndGlobalSection
	GlobalSection(ProjectConfigurationPlatforms) = postSolution
		{4C157907-8840-455D-94F9-67CE125BD01A}.Debug|Any CPU.ActiveCfg = Debug|Any CPU
		{4C157907-8840-455D-94F9-67CE125BD01A}.Debug|Any CPU.Build.0 = Debug|Any CPU
		{4C157907-8840-455D-94F9-67CE125BD01A}.Release|Any CPU.ActiveCfg = Release|Any CPU
		{4C157907-8840-455D-94F9-67CE125BD01A}.Release|Any CPU.Build.0 = Release|Any CPU
		{9C89EECC-35BA-4BA1-938C-5AE44DF67718}.Debug|Any CPU.ActiveCfg = Debug|Any CPU
		{9C89EECC-35BA-4BA1-938C-5AE44DF67718}.Debug|Any CPU.Build.0 = Debug|Any CPU
		{9C89EECC-35BA-4BA1-938C-5AE44DF67718}.Release|Any CPU.ActiveCfg = Release|Any CPU
		{9C89EECC-35BA-4BA1-938C-5AE44DF67718}.Release|Any CPU.Build.0 = Release|Any CPU
		{A042D4F9-52B4-413E-8904-AF888870B30F}.Debug|Any CPU.ActiveCfg = Debug|Any CPU
		{A042D4F9-52B4-413E-8904-AF888870B30F}.Debug|Any CPU.Build.0 = Debug|Any CPU
		{A042D4F9-52B4-413E-8904-AF888870B30F}.Release|Any CPU.ActiveCfg = Release|Any CPU
		{A042D4F9-52B4-413E-8904-AF888870B30F}.Release|Any CPU.Build.0 = Release|Any CPU
		{100BA01D-A27C-4BAA-9948-85CEB6B5F195}.Debug|Any CPU.ActiveCfg = Debug|Any CPU
		{100BA01D-A27C-4BAA-9948-85CEB6B5F195}.Debug|Any CPU.Build.0 = Debug|Any CPU
		{100BA01D-A27C-4BAA-9948-85CEB6B5F195}.Release|Any CPU.ActiveCfg = Release|Any CPU
		{100BA01D-A27C-4BAA-9948-85CEB6B5F195}.Release|Any CPU.Build.0 = Release|Any CPU
		{36D3E292-CA6A-40C0-9E69-F27EBD947E40}.Debug|Any CPU.ActiveCfg = Debug|Any CPU
		{36D3E292-CA6A-40C0-9E69-F27EBD947E40}.Debug|Any CPU.Build.0 = Debug|Any CPU
		{36D3E292-CA6A-40C0-9E69-F27EBD947E40}.Release|Any CPU.ActiveCfg = Release|Any CPU
		{36D3E292-CA6A-40C0-9E69-F27EBD947E40}.Release|Any CPU.Build.0 = Release|Any CPU
		{09CAD9B6-6B56-4A7D-8D77-B9F2C272E6B7}.Debug|Any CPU.ActiveCfg = Debug|Any CPU
		{09CAD9B6-6B56-4A7D-8D77-B9F2C272E6B7}.Debug|Any CPU.Build.0 = Debug|Any CPU
		{09CAD9B6-6B56-4A7D-8D77-B9F2C272E6B7}.Release|Any CPU.ActiveCfg = Release|Any CPU
		{09CAD9B6-6B56-4A7D-8D77-B9F2C272E6B7}.Release|Any CPU.Build.0 = Release|Any CPU
		{718DA210-F5CA-4465-8FE1-7174D18DDCD9}.Debug|Any CPU.ActiveCfg = Debug|Any CPU
		{718DA210-F5CA-4465-8FE1-7174D18DDCD9}.Debug|Any CPU.Build.0 = Debug|Any CPU
		{718DA210-F5CA-4465-8FE1-7174D18DDCD9}.Release|Any CPU.ActiveCfg = Release|Any CPU
		{718DA210-F5CA-4465-8FE1-7174D18DDCD9}.Release|Any CPU.Build.0 = Release|Any CPU
		{7F60DA58-A5C1-4DA4-9B51-5D95CA16BEB2}.Debug|Any CPU.ActiveCfg = Debug|Any CPU
		{7F60DA58-A5C1-4DA4-9B51-5D95CA16BEB2}.Debug|Any CPU.Build.0 = Debug|Any CPU
		{7F60DA58-A5C1-4DA4-9B51-5D95CA16BEB2}.Release|Any CPU.ActiveCfg = Release|Any CPU
		{7F60DA58-A5C1-4DA4-9B51-5D95CA16BEB2}.Release|Any CPU.Build.0 = Release|Any CPU
		{429479A9-CF71-4AD4-AF69-1FAD7588A3C3}.Debug|Any CPU.ActiveCfg = Debug|Any CPU
		{429479A9-CF71-4AD4-AF69-1FAD7588A3C3}.Debug|Any CPU.Build.0 = Debug|Any CPU
		{429479A9-CF71-4AD4-AF69-1FAD7588A3C3}.Release|Any CPU.ActiveCfg = Release|Any CPU
		{429479A9-CF71-4AD4-AF69-1FAD7588A3C3}.Release|Any CPU.Build.0 = Release|Any CPU
		{E812C7D1-3BB0-491D-A9D8-CABBC5891F64}.Debug|Any CPU.ActiveCfg = Debug|Any CPU
		{E812C7D1-3BB0-491D-A9D8-CABBC5891F64}.Debug|Any CPU.Build.0 = Debug|Any CPU
		{E812C7D1-3BB0-491D-A9D8-CABBC5891F64}.Release|Any CPU.ActiveCfg = Release|Any CPU
		{E812C7D1-3BB0-491D-A9D8-CABBC5891F64}.Release|Any CPU.Build.0 = Release|Any CPU
		{A857BEDF-D08B-402A-9018-B68C98260FA1}.Debug|Any CPU.ActiveCfg = Debug|Any CPU
		{A857BEDF-D08B-402A-9018-B68C98260FA1}.Debug|Any CPU.Build.0 = Debug|Any CPU
		{A857BEDF-D08B-402A-9018-B68C98260FA1}.Release|Any CPU.ActiveCfg = Release|Any CPU
		{A857BEDF-D08B-402A-9018-B68C98260FA1}.Release|Any CPU.Build.0 = Release|Any CPU
		{F605E782-DBE4-4A7F-9CAF-98619C28A112}.Debug|Any CPU.ActiveCfg = Debug|Any CPU
		{F605E782-DBE4-4A7F-9CAF-98619C28A112}.Debug|Any CPU.Build.0 = Debug|Any CPU
		{F605E782-DBE4-4A7F-9CAF-98619C28A112}.Release|Any CPU.ActiveCfg = Release|Any CPU
		{F605E782-DBE4-4A7F-9CAF-98619C28A112}.Release|Any CPU.Build.0 = Release|Any CPU
		{5EBDB3B6-A440-439C-9A46-100F51DF445A}.Debug|Any CPU.ActiveCfg = Debug|Any CPU
		{5EBDB3B6-A440-439C-9A46-100F51DF445A}.Debug|Any CPU.Build.0 = Debug|Any CPU
		{5EBDB3B6-A440-439C-9A46-100F51DF445A}.Release|Any CPU.ActiveCfg = Release|Any CPU
		{5EBDB3B6-A440-439C-9A46-100F51DF445A}.Release|Any CPU.Build.0 = Release|Any CPU
		{8505D280-4E5C-4175-970E-5761399371BD}.Debug|Any CPU.ActiveCfg = Debug|Any CPU
		{8505D280-4E5C-4175-970E-5761399371BD}.Debug|Any CPU.Build.0 = Debug|Any CPU
		{8505D280-4E5C-4175-970E-5761399371BD}.Release|Any CPU.ActiveCfg = Release|Any CPU
		{8505D280-4E5C-4175-970E-5761399371BD}.Release|Any CPU.Build.0 = Release|Any CPU
	EndGlobalSection
EndGlobal
